
Microsoft Visual Studio Solution File, Format Version 12.00
# Visual Studio Version 16
VisualStudioVersion = 16.0.31702.278
MinimumVisualStudioVersion = 10.0.40219.1
Project("{FAE04EC0-301F-11D3-BF4B-00C04F79EFBC}") = "ServerManager", "ServerManager\ServerManager.csproj", "{EA736246-10C2-4109-8FB7-4C0C2DA10711}"
EndProject
Global
	GlobalSection(SolutionConfigurationPlatforms) = preSolution
		Debug|Any CPU = Debug|Any CPU
		Release|Any CPU = Release|Any CPU
	EndGlobalSection
	GlobalSection(ProjectConfigurationPlatforms) = postSolution
		{EA736246-10C2-4109-8FB7-4C0C2DA10711}.Debug|Any CPU.ActiveCfg = Debug|Any CPU
		{EA736246-10C2-4109-8FB7-4C0C2DA10711}.Debug|Any CPU.Build.0 = Debug|Any CPU
		{EA736246-10C2-4109-8FB7-4C0C2DA10711}.Release|Any CPU.ActiveCfg = Release|Any CPU
		{EA736246-10C2-4109-8FB7-4C0C2DA10711}.Release|Any CPU.Build.0 = Release|Any CPU
	EndGlobalSection
	GlobalSection(SolutionProperties) = preSolution
		HideSolutionNode = FALSE
	EndGlobalSection
	GlobalSection(ExtensibilityGlobals) = postSolution
		SolutionGuid = {9F0017E4-437E-421B-8AFD-C77081D590EC}
	EndGlobalSection
EndGlobal
